
Microsoft Visual Studio Solution File, Format Version 12.00
# Visual Studio Version 17
VisualStudioVersion = 17.0.32126.317
MinimumVisualStudioVersion = 10.0.40219.1
Project("{9A19103F-16F7-4668-BE54-9A1E7A4F7556}") = "BusnLogicBW", "BusnLogicBW\BusnLogicBW.csproj", "{96F3A61D-4536-45FD-8663-ECA36773257E}"
	ProjectSection(ProjectDependencies) = postProject
		{F3E4DAB9-6123-44E9-AC31-3E57D08922CA} = {F3E4DAB9-6123-44E9-AC31-3E57D08922CA}
	EndProjectSection
EndProject
Project("{9A19103F-16F7-4668-BE54-9A1E7A4F7556}") = "InterfaceLib", "InterfaceLib\InterfaceLib.csproj", "{5AB05683-D10A-4C2E-AA50-F9C2A28708DF}"
EndProject
Project("{9A19103F-16F7-4668-BE54-9A1E7A4F7556}") = "DalMSSQL", "DalMSSQL\DalMSSQL.csproj", "{F3E4DAB9-6123-44E9-AC31-3E57D08922CA}"
EndProject
Project("{9A19103F-16F7-4668-BE54-9A1E7A4F7556}") = "Planner_ASP", "Planner_ASP\Planner_ASP.csproj", "{40A38CCB-D6F4-4C0B-BAC5-8BE529B53502}"
EndProject
Project("{2150E333-8FDC-42A3-9474-1A3956D46DE8}") = "Solution Items", "Solution Items", "{DC2483EB-A81F-440B-9C6D-A09E322EF43A}"
	ProjectSection(SolutionItems) = preProject
		.editorconfig = .editorconfig
	EndProjectSection
EndProject
Project("{FAE04EC0-301F-11D3-BF4B-00C04F79EFBC}") = "MemoryStoreUnitTests", "MemoryStoreUnitTests\MemoryStoreUnitTests.csproj", "{E90A273A-0210-4DC7-84D9-3393FDF1935D}"
EndProject
Project("{FAE04EC0-301F-11D3-BF4B-00C04F79EFBC}") = "DalMemoryStoree", "DalMemoryStoree\DalMemoryStoree.csproj", "{D3CA18CF-B292-42D1-BF4C-C7A783A51CFA}"
EndProject
Global
	GlobalSection(SolutionConfigurationPlatforms) = preSolution
		Debug|Any CPU = Debug|Any CPU
		Release|Any CPU = Release|Any CPU
	EndGlobalSection
	GlobalSection(ProjectConfigurationPlatforms) = postSolution
		{96F3A61D-4536-45FD-8663-ECA36773257E}.Debug|Any CPU.ActiveCfg = Debug|Any CPU
		{96F3A61D-4536-45FD-8663-ECA36773257E}.Debug|Any CPU.Build.0 = Debug|Any CPU
		{96F3A61D-4536-45FD-8663-ECA36773257E}.Release|Any CPU.ActiveCfg = Release|Any CPU
		{96F3A61D-4536-45FD-8663-ECA36773257E}.Release|Any CPU.Build.0 = Release|Any CPU
		{5AB05683-D10A-4C2E-AA50-F9C2A28708DF}.Debug|Any CPU.ActiveCfg = Debug|Any CPU
		{5AB05683-D10A-4C2E-AA50-F9C2A28708DF}.Debug|Any CPU.Build.0 = Debug|Any CPU
		{5AB05683-D10A-4C2E-AA50-F9C2A28708DF}.Release|Any CPU.ActiveCfg = Release|Any CPU
		{5AB05683-D10A-4C2E-AA50-F9C2A28708DF}.Release|Any CPU.Build.0 = Release|Any CPU
		{F3E4DAB9-6123-44E9-AC31-3E57D08922CA}.Debug|Any CPU.ActiveCfg = Debug|Any CPU
		{F3E4DAB9-6123-44E9-AC31-3E57D08922CA}.Debug|Any CPU.Build.0 = Debug|Any CPU
		{F3E4DAB9-6123-44E9-AC31-3E57D08922CA}.Release|Any CPU.ActiveCfg = Release|Any CPU
		{F3E4DAB9-6123-44E9-AC31-3E57D08922CA}.Release|Any CPU.Build.0 = Release|Any CPU
		{40A38CCB-D6F4-4C0B-BAC5-8BE529B53502}.Debug|Any CPU.ActiveCfg = Debug|Any CPU
		{40A38CCB-D6F4-4C0B-BAC5-8BE529B53502}.Debug|Any CPU.Build.0 = Debug|Any CPU
		{40A38CCB-D6F4-4C0B-BAC5-8BE529B53502}.Release|Any CPU.ActiveCfg = Release|Any CPU
		{40A38CCB-D6F4-4C0B-BAC5-8BE529B53502}.Release|Any CPU.Build.0 = Release|Any CPU
		{E90A273A-0210-4DC7-84D9-3393FDF1935D}.Debug|Any CPU.ActiveCfg = Debug|Any CPU
		{E90A273A-0210-4DC7-84D9-3393FDF1935D}.Debug|Any CPU.Build.0 = Debug|Any CPU
		{E90A273A-0210-4DC7-84D9-3393FDF1935D}.Release|Any CPU.ActiveCfg = Release|Any CPU
		{E90A273A-0210-4DC7-84D9-3393FDF1935D}.Release|Any CPU.Build.0 = Release|Any CPU
		{D3CA18CF-B292-42D1-BF4C-C7A783A51CFA}.Debug|Any CPU.ActiveCfg = Debug|Any CPU
		{D3CA18CF-B292-42D1-BF4C-C7A783A51CFA}.Debug|Any CPU.Build.0 = Debug|Any CPU
		{D3CA18CF-B292-42D1-BF4C-C7A783A51CFA}.Release|Any CPU.ActiveCfg = Release|Any CPU
		{D3CA18CF-B292-42D1-BF4C-C7A783A51CFA}.Release|Any CPU.Build.0 = Release|Any CPU
	EndGlobalSection
	GlobalSection(SolutionProperties) = preSolution
		HideSolutionNode = FALSE
	EndGlobalSection
	GlobalSection(ExtensibilityGlobals) = postSolution
		SolutionGuid = {F204AAA0-E39A-403D-972A-7665489808AE}
	EndGlobalSection
EndGlobal
